
Microsoft Visual Studio Solution File, Format Version 12.00
# Visual Studio Version 17
VisualStudioVersion = 17.14.37111.16 d17.14
MinimumVisualStudioVersion = 10.0.40219.1
Project("{FAE04EC0-301F-11D3-BF4B-00C04F79EFBC}") = "Gomoku", "Gomoku\Gomoku.csproj", "{510A2E4E-0E36-4E74-9169-C32FEF924B0A}"
EndProject
Global
	GlobalSection(SolutionConfigurationPlatforms) = preSolution
		Debug|Any CPU = Debug|Any CPU
		Release|Any CPU = Release|Any CPU
	EndGlobalSection
	GlobalSection(ProjectConfigurationPlatforms) = postSolution
		{510A2E4E-0E36-4E74-9169-C32FEF924B0A}.Debug|Any CPU.ActiveCfg = Debug|Any CPU
		{510A2E4E-0E36-4E74-9169-C32FEF924B0A}.Debug|Any CPU.Build.0 = Debug|Any CPU
		{510A2E4E-0E36-4E74-9169-C32FEF924B0A}.Release|Any CPU.ActiveCfg = Release|Any CPU
		{510A2E4E-0E36-4E74-9169-C32FEF924B0A}.Release|Any CPU.Build.0 = Release|Any CPU
	EndGlobalSection
	GlobalSection(SolutionProperties) = preSolution
		HideSolutionNode = FALSE
	EndGlobalSection
	GlobalSection(ExtensibilityGlobals) = postSolution
		SolutionGuid = {70C5539A-2EC3-40DE-A959-0F13CDD3486B}
	EndGlobalSection
EndGlobal
